<?xml version="1.0" encoding="utf-8"?>
<Project ToolsVersion="15.0" xmlns="http://schemas.microsoft.com/developer/msbuild/2003">
  <ItemGroup>
    <CustomBuild Include="C:\repos\GitHub\tiler\build_vs\CMakeFiles\2403818c6229164f98721e0e8f6a74f7\generate.stamp.rule">
      <Filter>CMake Rules</Filter>
    </CustomBuild>
  </ItemGroup>
  <ItemGroup>
    <Filter Include="CMake Rules">
      <UniqueIdentifier>{14A446B5-1000-32EB-A230-2A2BD9F16422}</UniqueIdentifier>
    </Filter>
  </ItemGroup>
</Project>
